dependencies:
- name: common
  repository: oci://registry-1.docker.io/bitnamicharts
  version: 2.20.2
- name: postgresql
  repository: oci://registry-1.docker.io/bitnamicharts
  version: 15.5.5
- name: softhsm
  repository: https://mosip.github.io/mosip-helm
  version: 12.0.1-B2
- name: artifactory
  repository: https://mosip.github.io/mosip-helm
  version: 12.0.1
digest: sha256:ff600704f4e5781eb2a02a274dfd91265aacabee03665cbc5c3acc1b930d53a9
generated: "2024-06-14T18:29:03.422302276+05:30"
