dependencies:
- name: postgresql
  repository: oci://registry-1.docker.io/bitnamicharts
  version: 15.5.38
- name: redis
  repository: oci://registry-1.docker.io/bitnamicharts
  version: 18.19.4
digest: sha256:6c2057113724eaf32361a6fcd721478f643a9d3c2551e7cd69d3b823a3f90897
generated: "2025-10-13T14:52:37.078523872+05:30"
