dependencies:
- name: common
  repository: https://openg2p.github.io/openg2p-helm
  version: 2.30.0
- name: postgresql
  repository: https://openg2p.github.io/openg2p-helm
  version: 15.5.38
digest: sha256:c3effe98408bc6caddcca271908f771d58e827a6cd2a6068143a573b70f73bf5
generated: "2025-12-15T10:23:37.594404271+05:30"
