dependencies:
- name: mail
  repository: ""
  version: 1.2.0
- name: odk-central-pyxform
  repository: ""
  version: v2024.1.0
- name: odk-central-enketo
  repository: ""
  version: v2024.1.0
- name: odk-central-backend
  repository: ""
  version: v2024.1.0
- name: odk-central-frontend
  repository: ""
  version: v2024.1.0
digest: sha256:82b13a64e52e13f38863dd994625f4cc375e7583138c20838140472b627e1b54
generated: "2024-05-26T01:05:04.846770889+05:30"
